# Provenance for the vendored keeper-relevant snippet corpus subset.
# Upstream authoring home is the arthack corpus; two-way drift is by design —
# this lock IS the review point. Regenerate with scripts/vendor-corpus.ts; the
# prompt-suite drift test re-hashes the vendored tree against `files` below.
upstream:
  repo: arthack
  remote: git@github.com:possibilities/arthack.git
  path: claude/arthack/template/_partials
  sha: a11a0618df7b3f92ec357fffaa72832f3167a5ad
filter_rule: whole snippet domains {engineering, source-dirs} + whole bundle {engineering-rules}; covers every `keeper prompt render` cite in keeper/plan skill bodies plus the engineering-rules members for coherent bundle renders
files:
  claude/arthack/template/_partials/bundles/engineering-rules.yaml: 3f32d67c88790afc7eb51684ec9be06a169c879b8721e9ba807ad34675e05141
  claude/arthack/template/_partials/snippets/_index.yaml: 4ded5353963b7ef54da93df3c8f52bb09eaff4cfac10f76fbf725bce0c51a1bb
  claude/arthack/template/_partials/snippets/engineering/agents-md-symlink.md.tmpl: 61b73be6a5c6fb55c9bb838fc3065bec00b086fed59f1d9164ebb07637f7c245
  claude/arthack/template/_partials/snippets/engineering/build-forward-no-fallback.md.tmpl: 508fa1c40b0c61de5b8a1d2f0dee17482af4d8a62ac2d5440d03d9c555ca5577
  claude/arthack/template/_partials/snippets/engineering/claude-md-scope.md.tmpl: d0f71007fc15872b078ecaf55dfc6b74ef6d985af712b9871de243ff2613c694
  claude/arthack/template/_partials/snippets/engineering/code-comment-style.md.tmpl: 4c56e59cf018eb4daa106b819cd970cee3f477a1ccac529e087f6254a81b227d
  claude/arthack/template/_partials/snippets/engineering/commit-hygiene-flags.md.tmpl: ff840e006dccf1e2c667f4fe5edfdef94e3ed4c94e94d2053173631b7abd7862
  claude/arthack/template/_partials/snippets/engineering/commit-via-keeper-default.md.tmpl: ae6c4a09f26ec2a281f7cb40a45de6d92b0fb349cd2c9e273cf03099e452c973
  claude/arthack/template/_partials/snippets/engineering/domain-docs.md.tmpl: 5a9f99c7cfea453a41ea2a3214f950750a343693c65fb030387980f06179b9fe
  claude/arthack/template/_partials/snippets/engineering/escalate-inline-or-plan.md.tmpl: 812e953b1584d91ee6308b8c9e4aebdcabee0a842ff999884f3e7bd094801745
  claude/arthack/template/_partials/snippets/engineering/future-facing-docs.md.tmpl: 3fb941075fb58f92e72688b13f4dc7424ca79d52f7a8d2754a2f1ee2be8439df
  claude/arthack/template/_partials/snippets/engineering/keeper-history-forensics.md.tmpl: 54bc7bf88c31d9586d7f4fa06391159f924b819023cf17039ce3c84c77bcca05
  claude/arthack/template/_partials/snippets/engineering/landed-vs-complete.md.tmpl: f03b52e43b167d2a496ea1d5182a4717bb817b7d434b30c63044ade7c4451f5e
  claude/arthack/template/_partials/snippets/engineering/network-service-hardening.md.tmpl: 6d9a3470a9b956f06429d6be68457999fc71a5ed9af77fc6ce3e00df3c346d14
  claude/arthack/template/_partials/snippets/engineering/never-assume-tests-pass.md.tmpl: c1fc670fa48477d05131aec375095d55cd9aa404457b904620221e7b1c1117a3
  claude/arthack/template/_partials/snippets/engineering/orient.md.tmpl: 9a39a73c6c3b5f0e1ab63724b11bbe9091a5a89f964be70f1df9896a3aa31b32
  claude/arthack/template/_partials/snippets/engineering/panel-strength.md.tmpl: 426c9b2ce5fc59ec990f2d29982aa1234b7fba0464632f04faed7f5945636c1e
  claude/arthack/template/_partials/snippets/engineering/script-shebang-hygiene.md.tmpl: fcdb00c0dfe0e6d1476424c83d7b4fa5b517b3965261ea18c892338ac164cc24
  claude/arthack/template/_partials/snippets/engineering/tmp-file-unique-path.md.tmpl: 4f00bf6453ff15e20b08d7722f8e6d782f8adb9d12e4ca52ffe2b82ece91257f
  claude/arthack/template/_partials/snippets/source-dirs/docs-dir-and-gist-open.md.tmpl: e24a4a0694f2104715824537e0be84aa6388b276e9905a040d41ea4c125424a2
